// !$*UTF8*$!
{
	archiveVersion = 1;
	classes = {
	};
	objectVersion = 46;
	objects = {

/* Begin PBXBuildFile section */
		00DEA6F3D6AB3D52F1F9E603 /* Pods.framework in Frameworks */ = {isa = PBXBuildFile; fileRef = 2C1AF172A861C464E58D680B /* Pods.framework */; };
		D80373651C93B61F00885C4C /* LaurasHome.mp4 in Resources */ = {isa = PBXBuildFile; fileRef = D87EAB691C7AB1D7001299AE /* LaurasHome.mp4 */; };
		D80373661C93B61F00885C4C /* Berea.mp4 in Resources */ = {isa = PBXBuildFile; fileRef = D80373641C928BAE00885C4C /* Berea.mp4 */; };
		D80C0C031C73F71900B936BF /* AppDelegate.swift in Sources */ = {isa = PBXBuildFile; fileRef = D80C0C021C73F71900B936BF /* AppDelegate.swift */; };
		D80C0C081C73F71900B936BF /* Main.storyboard in Resources */ = {isa = PBXBuildFile; fileRef = D80C0C061C73F71900B936BF /* Main.storyboard */; };
		D80C0C0A1C73F71900B936BF /* Assets.xcassets in Resources */ = {isa = PBXBuildFile; fileRef = D80C0C091C73F71900B936BF /* Assets.xcassets */; };
		D80C0C0D1C73F71900B936BF /* LaunchScreen.storyboard in Resources */ = {isa = PBXBuildFile; fileRef = D80C0C0B1C73F71900B936BF /* LaunchScreen.storyboard */; };
		D80C0C181C73F71900B936BF /* RedwoodsTests.swift in Sources */ = {isa = PBXBuildFile; fileRef = D80C0C171C73F71900B936BF /* RedwoodsTests.swift */; };
		D80C0C231C73F71900B936BF /* RedwoodsUITests.swift in Sources */ = {isa = PBXBuildFile; fileRef = D80C0C221C73F71900B936BF /* RedwoodsUITests.swift */; };
		D80C0C311C73FF9100B936BF /* TableViewController.swift in Sources */ = {isa = PBXBuildFile; fileRef = D80C0C301C73FF9100B936BF /* TableViewController.swift */; };
		D80C0C331C74002800B936BF /* TableViewCell.swift in Sources */ = {isa = PBXBuildFile; fileRef = D80C0C321C74002800B936BF /* TableViewCell.swift */; };
		D80C0C351C74107C00B936BF /* Images.xcassets in Resources */ = {isa = PBXBuildFile; fileRef = D80C0C341C74107C00B936BF /* Images.xcassets */; };
		D80C0C371C74278A00B936BF /* ActivityTableViewController.swift in Sources */ = {isa = PBXBuildFile; fileRef = D80C0C361C74278A00B936BF /* ActivityTableViewController.swift */; };
		D80C0C391C7427A000B936BF /* ActivityTableViewCell.swift in Sources */ = {isa = PBXBuildFile; fileRef = D80C0C381C7427A000B936BF /* ActivityTableViewCell.swift */; };
		D80C0C3B1C742EA000B936BF /* TransactionViewController.swift in Sources */ = {isa = PBXBuildFile; fileRef = D80C0C3A1C742EA000B936BF /* TransactionViewController.swift */; };
		D8186B8E1C7696E300D1F7BF /* LaunchViewController.swift in Sources */ = {isa = PBXBuildFile; fileRef = D8186B8D1C7696E300D1F7BF /* LaunchViewController.swift */; };
		D831E9391CAE076C00669CC5 /* PortfolioTableViewController.swift in Sources */ = {isa = PBXBuildFile; fileRef = D831E9381CAE076C00669CC5 /* PortfolioTableViewController.swift */; };
		D831E93B1CAE07AA00669CC5 /* PortfolioTableViewCell.swift in Sources */ = {isa = PBXBuildFile; fileRef = D831E93A1CAE07AA00669CC5 /* PortfolioTableViewCell.swift */; };
		D8546D201C7FE802001F82E7 /* LoginViewController.swift in Sources */ = {isa = PBXBuildFile; fileRef = D8546D1F1C7FE802001F82E7 /* LoginViewController.swift */; };
		D8686C861CA369F600216488 /* RegisterViewController.swift in Sources */ = {isa = PBXBuildFile; fileRef = D8686C851CA369F600216488 /* RegisterViewController.swift */; };
		D87B6C1E1CAB41DC00CB2A3C /* Test2.swift in Sources */ = {isa = PBXBuildFile; fileRef = D87B6C1D1CAB41DC00CB2A3C /* Test2.swift */; };
		D87B6C201CAB5D5700CB2A3C /* TestTableView.swift in Sources */ = {isa = PBXBuildFile; fileRef = D87B6C1F1CAB5D5700CB2A3C /* TestTableView.swift */; };
		D87B6C221CAB5D6C00CB2A3C /* TestTableViewCell.swift in Sources */ = {isa = PBXBuildFile; fileRef = D87B6C211CAB5D6C00CB2A3C /* TestTableViewCell.swift */; };
		D87D4DAD1CA41AD900B08AF9 /* ProfileViewController.swift in Sources */ = {isa = PBXBuildFile; fileRef = D87D4DAC1CA41AD900B08AF9 /* ProfileViewController.swift */; };
		D87EAB6D1C7ABC56001299AE /* AVFoundation.framework in Frameworks */ = {isa = PBXBuildFile; fileRef = D87EAB6C1C7ABC56001299AE /* AVFoundation.framework */; };
		D89360541CA9BDA00014AC91 /* SwiftKeyChainWrapper.swift in Sources */ = {isa = PBXBuildFile; fileRef = D89360531CA9BDA00014AC91 /* SwiftKeyChainWrapper.swift */; };
		D8CD8FDB1CA63CCF00D10F14 /* Register3ViewController.swift in Sources */ = {isa = PBXBuildFile; fileRef = D8CD8FDA1CA63CCF00D10F14 /* Register3ViewController.swift */; };
		D8CD8FDD1CA642C200D10F14 /* CharitySearchTableViewController.swift in Sources */ = {isa = PBXBuildFile; fileRef = D8CD8FDC1CA642C200D10F14 /* CharitySearchTableViewController.swift */; };
		D8CD8FDF1CA6441A00D10F14 /* CharitySearchTableViewCell.swift in Sources */ = {isa = PBXBuildFile; fileRef = D8CD8FDE1CA6441A00D10F14 /* CharitySearchTableViewCell.swift */; };
		D8CD8FE31CA6E48400D10F14 /* DonationViewController.swift in Sources */ = {isa = PBXBuildFile; fileRef = D8CD8FE21CA6E48400D10F14 /* DonationViewController.swift */; };
/* End PBXBuildFile section */

/* Begin PBXContainerItemProxy section */
		D80C0C141C73F71900B936BF /* PBXContainerItemProxy */ = {
			isa = PBXContainerItemProxy;
			containerPortal = D80C0BF71C73F71900B936BF /* Project object */;
			proxyType = 1;
			remoteGlobalIDString = D80C0BFE1C73F71900B936BF;
			remoteInfo = Redwoods;
		};
		D80C0C1F1C73F71900B936BF /* PBXContainerItemProxy */ = {
			isa = PBXContainerItemProxy;
			containerPortal = D80C0BF71C73F71900B936BF /* Project object */;
			proxyType = 1;
			remoteGlobalIDString = D80C0BFE1C73F71900B936BF;
			remoteInfo = Redwoods;
		};
/* End PBXContainerItemProxy section */

/* Begin PBXFileReference section */
		2B4B98ECF29F27E61446CA3C /* Pods.debug.xcconfig */ = {isa = PBXFileReference; includeInIndex = 1; lastKnownFileType = text.xcconfig; name = Pods.debug.xcconfig; path = "Pods/Target Support Files/Pods/Pods.debug.xcconfig"; sourceTree = "<group>"; };
		2C1AF172A861C464E58D680B /* Pods.framework */ = {isa = PBXFileReference; explicitFileType = wrapper.framework; includeInIndex = 0; path = Pods.framework; sourceTree = BUILT_PRODUCTS_DIR; };
		B05EBDC135DBB4076D4780C0 /* Pods.release.xcconfig */ = {isa = PBXFileReference; includeInIndex = 1; lastKnownFileType = text.xcconfig; name = Pods.release.xcconfig; path = "Pods/Target Support Files/Pods/Pods.release.xcconfig"; sourceTree = "<group>"; };
		D80373641C928BAE00885C4C /* Berea.mp4 */ = {isa = PBXFileReference; lastKnownFileType = file; name = Berea.mp4; path = "../../../Movies/iSkysoft Video Converter/Downloaded/Converted/Berea.mp4"; sourceTree = "<group>"; };
		D80C0BFF1C73F71900B936BF /* Redwoods.app */ = {isa = PBXFileReference; explicitFileType = wrapper.application; includeInIndex = 0; path = Redwoods.app; sourceTree = BUILT_PRODUCTS_DIR; };
		D80C0C021C73F71900B936BF /* AppDelegate.swift */ = {isa = PBXFileReference; lastKnownFileType = sourcecode.swift; path = AppDelegate.swift; sourceTree = "<group>"; };
		D80C0C071C73F71900B936BF /* Base */ = {isa = PBXFileReference; lastKnownFileType = file.storyboard; name = Base; path = Base.lproj/Main.storyboard; sourceTree = "<group>"; };
		D80C0C091C73F71900B936BF /* Assets.xcassets */ = {isa = PBXFileReference; lastKnownFileType = folder.assetcatalog; path = Assets.xcassets; sourceTree = "<group>"; };
		D80C0C0C1C73F71900B936BF /* Base */ = {isa = PBXFileReference; lastKnownFileType = file.storyboard; name = Base; path = Base.lproj/LaunchScreen.storyboard; sourceTree = "<group>"; };
		D80C0C0E1C73F71900B936BF /* Info.plist */ = {isa = PBXFileReference; lastKnownFileType = text.plist.xml; path = Info.plist; sourceTree = "<group>"; };
		D80C0C131C73F71900B936BF /* RedwoodsTests.xctest */ = {isa = PBXFileReference; explicitFileType = wrapper.cfbundle; includeInIndex = 0; path = RedwoodsTests.xctest; sourceTree = BUILT_PRODUCTS_DIR; };
		D80C0C171C73F71900B936BF /* RedwoodsTests.swift */ = {isa = PBXFileReference; lastKnownFileType = sourcecode.swift; path = RedwoodsTests.swift; sourceTree = "<group>"; };
		D80C0C191C73F71900B936BF /* Info.plist */ = {isa = PBXFileReference; lastKnownFileType = text.plist.xml; path = Info.plist; sourceTree = "<group>"; };
		D80C0C1E1C73F71900B936BF /* RedwoodsUITests.xctest */ = {isa = PBXFileReference; explicitFileType = wrapper.cfbundle; includeInIndex = 0; path = RedwoodsUITests.xctest; sourceTree = BUILT_PRODUCTS_DIR; };
		D80C0C221C73F71900B936BF /* RedwoodsUITests.swift */ = {isa = PBXFileReference; lastKnownFileType = sourcecode.swift; path = RedwoodsUITests.swift; sourceTree = "<group>"; };
		D80C0C241C73F71900B936BF /* Info.plist */ = {isa = PBXFileReference; lastKnownFileType = text.plist.xml; path = Info.plist; sourceTree = "<group>"; };
		D80C0C301C73FF9100B936BF /* TableViewController.swift */ = {isa = PBXFileReference; fileEncoding = 4; lastKnownFileType = sourcecode.swift; path = TableViewController.swift; sourceTree = "<group>"; };
		D80C0C321C74002800B936BF /* TableViewCell.swift */ = {isa = PBXFileReference; fileEncoding = 4; lastKnownFileType = sourcecode.swift; path = TableViewCell.swift; sourceTree = "<group>"; };
		D80C0C341C74107C00B936BF /* Images.xcassets */ = {isa = PBXFileReference; lastKnownFileType = folder.assetcatalog; path = Images.xcassets; sourceTree = "<group>"; };
		D80C0C361C74278A00B936BF /* ActivityTableViewController.swift */ = {isa = PBXFileReference; fileEncoding = 4; lastKnownFileType = sourcecode.swift; path = ActivityTableViewController.swift; sourceTree = "<group>"; };
		D80C0C381C7427A000B936BF /* ActivityTableViewCell.swift */ = {isa = PBXFileReference; fileEncoding = 4; lastKnownFileType = sourcecode.swift; path = ActivityTableViewCell.swift; sourceTree = "<group>"; };
		D80C0C3A1C742EA000B936BF /* TransactionViewController.swift */ = {isa = PBXFileReference; fileEncoding = 4; lastKnownFileType = sourcecode.swift; path = TransactionViewController.swift; sourceTree = "<group>"; };
		D8186B8D1C7696E300D1F7BF /* LaunchViewController.swift */ = {isa = PBXFileReference; fileEncoding = 4; lastKnownFileType = sourcecode.swift; path = LaunchViewController.swift; sourceTree = "<group>"; };
		D831E9381CAE076C00669CC5 /* PortfolioTableViewController.swift */ = {isa = PBXFileReference; fileEncoding = 4; lastKnownFileType = sourcecode.swift; path = PortfolioTableViewController.swift; sourceTree = "<group>"; };
		D831E93A1CAE07AA00669CC5 /* PortfolioTableViewCell.swift */ = {isa = PBXFileReference; fileEncoding = 4; lastKnownFileType = sourcecode.swift; path = PortfolioTableViewCell.swift; sourceTree = "<group>"; };
		D8546D1F1C7FE802001F82E7 /* LoginViewController.swift */ = {isa = PBXFileReference; fileEncoding = 4; lastKnownFileType = sourcecode.swift; path = LoginViewController.swift; sourceTree = "<group>"; };
		D8686C851CA369F600216488 /* RegisterViewController.swift */ = {isa = PBXFileReference; fileEncoding = 4; lastKnownFileType = sourcecode.swift; path = RegisterViewController.swift; sourceTree = "<group>"; };
		D87B6C1D1CAB41DC00CB2A3C /* Test2.swift */ = {isa = PBXFileReference; fileEncoding = 4; lastKnownFileType = sourcecode.swift; path = Test2.swift; sourceTree = "<group>"; };
		D87B6C1F1CAB5D5700CB2A3C /* TestTableView.swift */ = {isa = PBXFileReference; fileEncoding = 4; lastKnownFileType = sourcecode.swift; path = TestTableView.swift; sourceTree = "<group>"; };
		D87B6C211CAB5D6C00CB2A3C /* TestTableViewCell.swift */ = {isa = PBXFileReference; fileEncoding = 4; lastKnownFileType = sourcecode.swift; path = TestTableViewCell.swift; sourceTree = "<group>"; };
		D87D4DAC1CA41AD900B08AF9 /* ProfileViewController.swift */ = {isa = PBXFileReference; fileEncoding = 4; lastKnownFileType = sourcecode.swift; path = ProfileViewController.swift; sourceTree = "<group>"; };
		D87EAB691C7AB1D7001299AE /* LaurasHome.mp4 */ = {isa = PBXFileReference; lastKnownFileType = file; path = LaurasHome.mp4; sourceTree = "<group>"; };
		D87EAB6C1C7ABC56001299AE /* AVFoundation.framework */ = {isa = PBXFileReference; lastKnownFileType = wrapper.framework; name = AVFoundation.framework; path = System/Library/Frameworks/AVFoundation.framework; sourceTree = SDKROOT; };
		D89360531CA9BDA00014AC91 /* SwiftKeyChainWrapper.swift */ = {isa = PBXFileReference; fileEncoding = 4; lastKnownFileType = sourcecode.swift; path = SwiftKeyChainWrapper.swift; sourceTree = "<group>"; };
		D8CD8FDA1CA63CCF00D10F14 /* Register3ViewController.swift */ = {isa = PBXFileReference; fileEncoding = 4; lastKnownFileType = sourcecode.swift; path = Register3ViewController.swift; sourceTree = "<group>"; };
		D8CD8FDC1CA642C200D10F14 /* CharitySearchTableViewController.swift */ = {isa = PBXFileReference; fileEncoding = 4; lastKnownFileType = sourcecode.swift; path = CharitySearchTableViewController.swift; sourceTree = "<group>"; };
		D8CD8FDE1CA6441A00D10F14 /* CharitySearchTableViewCell.swift */ = {isa = PBXFileReference; fileEncoding = 4; lastKnownFileType = sourcecode.swift; path = CharitySearchTableViewCell.swift; sourceTree = "<group>"; };
		D8CD8FE21CA6E48400D10F14 /* DonationViewController.swift */ = {isa = PBXFileReference; fileEncoding = 4; lastKnownFileType = sourcecode.swift; path = DonationViewController.swift; sourceTree = "<group>"; };
/* End PBXFileReference section */

/* Begin PBXFrameworksBuildPhase section */
		D80C0BFC1C73F71900B936BF /* Frameworks */ = {
			isa = PBXFrameworksBuildPhase;
			buildActionMask = 2147483647;
			files = (
				D87EAB6D1C7ABC56001299AE /* AVFoundation.framework in Frameworks */,
				00DEA6F3D6AB3D52F1F9E603 /* Pods.framework in Frameworks */,
			);
			runOnlyForDeploymentPostprocessing = 0;
		};
		D80C0C101C73F71900B936BF /* Frameworks */ = {
			isa = PBXFrameworksBuildPhase;
			buildActionMask = 2147483647;
			files = (
			);
			runOnlyForDeploymentPostprocessing = 0;
		};
		D80C0C1B1C73F71900B936BF /* Frameworks */ = {
			isa = PBXFrameworksBuildPhase;
			buildActionMask = 2147483647;
			files = (
			);
			runOnlyForDeploymentPostprocessing = 0;
		};
/* End PBXFrameworksBuildPhase section */

/* Begin PBXGroup section */
		0AB9CC33D7AC308CAC06225A /* Pods */ = {
			isa = PBXGroup;
			children = (
				2B4B98ECF29F27E61446CA3C /* Pods.debug.xcconfig */,
				B05EBDC135DBB4076D4780C0 /* Pods.release.xcconfig */,
			);
			name = Pods;
			sourceTree = "<group>";
		};
		C57F19E8F404E7DBED39D700 /* Frameworks */ = {
			isa = PBXGroup;
			children = (
				2C1AF172A861C464E58D680B /* Pods.framework */,
			);
			name = Frameworks;
			sourceTree = "<group>";
		};
		D80C0BF61C73F71900B936BF = {
			isa = PBXGroup;
			children = (
				D87EAB6C1C7ABC56001299AE /* AVFoundation.framework */,
				D80C0C011C73F71900B936BF /* Redwoods */,
				D80C0C161C73F71900B936BF /* RedwoodsTests */,
				D80C0C211C73F71900B936BF /* RedwoodsUITests */,
				0AB9CC33D7AC308CAC06225A /* Pods */,
				C57F19E8F404E7DBED39D700 /* Frameworks */,
			);
			sourceTree = "<group>";
		};
		D80C0C001C73F71900B936BF /* Products */ = {
			isa = PBXGroup;
			children = (
				D80C0BFF1C73F71900B936BF /* Redwoods.app */,
				D80C0C131C73F71900B936BF /* RedwoodsTests.xctest */,
				D80C0C1E1C73F71900B936BF /* RedwoodsUITests.xctest */,
			);
			name = Products;
			path = ..;
			sourceTree = "<group>";
		};
		D80C0C011C73F71900B936BF /* Redwoods */ = {
			isa = PBXGroup;
			children = (
				D80C0C021C73F71900B936BF /* AppDelegate.swift */,
				D831E93D1CAE13D600669CC5 /* LoginAndRegister */,
				D831E93E1CAE140700669CC5 /* VideoFeed */,
				D831E93F1CAE143700669CC5 /* CharitySearch */,
				D831E9401CAE147600669CC5 /* Profile */,
				D80C0C061C73F71900B936BF /* Main.storyboard */,
				D80C0C0B1C73F71900B936BF /* LaunchScreen.storyboard */,
				D80C0C0E1C73F71900B936BF /* Info.plist */,
				D80C0C091C73F71900B936BF /* Assets.xcassets */,
				D80C0C341C74107C00B936BF /* Images.xcassets */,
				D87B6C1D1CAB41DC00CB2A3C /* Test2.swift */,
			);
			path = Redwoods;
			sourceTree = "<group>";
		};
		D80C0C161C73F71900B936BF /* RedwoodsTests */ = {
			isa = PBXGroup;
			children = (
				D80C0C171C73F71900B936BF /* RedwoodsTests.swift */,
				D80C0C191C73F71900B936BF /* Info.plist */,
			);
			path = RedwoodsTests;
			sourceTree = "<group>";
		};
		D80C0C211C73F71900B936BF /* RedwoodsUITests */ = {
			isa = PBXGroup;
			children = (
				D80C0C001C73F71900B936BF /* Products */,
				D80C0C221C73F71900B936BF /* RedwoodsUITests.swift */,
				D80C0C241C73F71900B936BF /* Info.plist */,
			);
			path = RedwoodsUITests;
			sourceTree = "<group>";
		};
		D831E93D1CAE13D600669CC5 /* LoginAndRegister */ = {
			isa = PBXGroup;
			children = (
				D89360531CA9BDA00014AC91 /* SwiftKeyChainWrapper.swift */,
				D8186B8D1C7696E300D1F7BF /* LaunchViewController.swift */,
				D8546D1F1C7FE802001F82E7 /* LoginViewController.swift */,
				D8686C851CA369F600216488 /* RegisterViewController.swift */,
				D8CD8FDA1CA63CCF00D10F14 /* Register3ViewController.swift */,
			);
			name = LoginAndRegister;
			sourceTree = "<group>";
		};
		D831E93E1CAE140700669CC5 /* VideoFeed */ = {
			isa = PBXGroup;
			children = (
				D87EAB691C7AB1D7001299AE /* LaurasHome.mp4 */,
				D80373641C928BAE00885C4C /* Berea.mp4 */,
				D87B6C1F1CAB5D5700CB2A3C /* TestTableView.swift */,
				D87B6C211CAB5D6C00CB2A3C /* TestTableViewCell.swift */,
				D80C0C301C73FF9100B936BF /* TableViewController.swift */,
				D80C0C321C74002800B936BF /* TableViewCell.swift */,
			);
			name = VideoFeed;
			sourceTree = "<group>";
		};
		D831E93F1CAE143700669CC5 /* CharitySearch */ = {
			isa = PBXGroup;
			children = (
				D8CD8FDC1CA642C200D10F14 /* CharitySearchTableViewController.swift */,
				D8CD8FDE1CA6441A00D10F14 /* CharitySearchTableViewCell.swift */,
				D8CD8FE21CA6E48400D10F14 /* DonationViewController.swift */,
			);
			name = CharitySearch;
			sourceTree = "<group>";
		};
		D831E9401CAE147600669CC5 /* Profile */ = {
			isa = PBXGroup;
			children = (
				D80C0C361C74278A00B936BF /* ActivityTableViewController.swift */,
				D80C0C381C7427A000B936BF /* ActivityTableViewCell.swift */,
				D87D4DAC1CA41AD900B08AF9 /* ProfileViewController.swift */,
				D80C0C3A1C742EA000B936BF /* TransactionViewController.swift */,
				D831E9381CAE076C00669CC5 /* PortfolioTableViewController.swift */,
				D831E93A1CAE07AA00669CC5 /* PortfolioTableViewCell.swift */,
			);
			name = Profile;
			sourceTree = "<group>";
		};
/* End PBXGroup section */

/* Begin PBXNativeTarget section */
		D80C0BFE1C73F71900B936BF /* Redwoods */ = {
			isa = PBXNativeTarget;
			buildConfigurationList = D80C0C271C73F71900B936BF /* Build configuration list for PBXNativeTarget "Redwoods" */;
			buildPhases = (
				4B0C60976CA9CBFF7F81CE52 /* Check Pods Manifest.lock */,
				D80C0BFB1C73F71900B936BF /* Sources */,
				D80C0BFC1C73F71900B936BF /* Frameworks */,
				D80C0BFD1C73F71900B936BF /* Resources */,
				87C5F8D31B6F70C2E84348D1 /* Embed Pods Frameworks */,
				86ABBD20112A95AB817ADEA7 /* Copy Pods Resources */,
			);
			buildRules = (
			);
			dependencies = (
			);
			name = Redwoods;
			productName = Redwoods;
			productReference = D80C0BFF1C73F71900B936BF /* Redwoods.app */;
			productType = "com.apple.product-type.application";
		};
		D80C0C121C73F71900B936BF /* RedwoodsTests */ = {
			isa = PBXNativeTarget;
			buildConfigurationList = D80C0C2A1C73F71900B936BF /* Build configuration list for PBXNativeTarget "RedwoodsTests" */;
			buildPhases = (
				D80C0C0F1C73F71900B936BF /* Sources */,
				D80C0C101C73F71900B936BF /* Frameworks */,
				D80C0C111C73F71900B936BF /* Resources */,
			);
			buildRules = (
			);
			dependencies = (
				D80C0C151C73F71900B936BF /* PBXTargetDependency */,
			);
			name = RedwoodsTests;
			productName = RedwoodsTests;
			productReference = D80C0C131C73F71900B936BF /* RedwoodsTests.xctest */;
			productType = "com.apple.product-type.bundle.unit-test";
		};
		D80C0C1D1C73F71900B936BF /* RedwoodsUITests */ = {
			isa = PBXNativeTarget;
			buildConfigurationList = D80C0C2D1C73F71900B936BF /* Build configuration list for PBXNativeTarget "RedwoodsUITests" */;
			buildPhases = (
				D80C0C1A1C73F71900B936BF /* Sources */,
				D80C0C1B1C73F71900B936BF /* Frameworks */,
				D80C0C1C1C73F71900B936BF /* Resources */,
			);
			buildRules = (
			);
			dependencies = (
				D80C0C201C73F71900B936BF /* PBXTargetDependency */,
			);
			name = RedwoodsUITests;
			productName = RedwoodsUITests;
			productReference = D80C0C1E1C73F71900B936BF /* RedwoodsUITests.xctest */;
			productType = "com.apple.product-type.bundle.ui-testing";
		};
/* End PBXNativeTarget section */

/* Begin PBXProject section */
		D80C0BF71C73F71900B936BF /* Project object */ = {
			isa = PBXProject;
			attributes = {
				LastSwiftUpdateCheck = 0720;
				LastUpgradeCheck = 0720;
				ORGANIZATIONNAME = "Ken Churchill";
				TargetAttributes = {
					D80C0BFE1C73F71900B936BF = {
						CreatedOnToolsVersion = 7.2.1;
						DevelopmentTeam = 2AL3467K7B;
					};
					D80C0C121C73F71900B936BF = {
						CreatedOnToolsVersion = 7.2.1;
						TestTargetID = D80C0BFE1C73F71900B936BF;
					};
					D80C0C1D1C73F71900B936BF = {
						CreatedOnToolsVersion = 7.2.1;
						TestTargetID = D80C0BFE1C73F71900B936BF;
					};
				};
			};
			buildConfigurationList = D80C0BFA1C73F71900B936BF /* Build configuration list for PBXProject "Redwoods" */;
			compatibilityVersion = "Xcode 3.2";
			developmentRegion = English;
			hasScannedForEncodings = 0;
			knownRegions = (
				en,
				Base,
			);
			mainGroup = D80C0BF61C73F71900B936BF;
			productRefGroup = D80C0C001C73F71900B936BF /* Products */;
			projectDirPath = "";
			projectRoot = "";
			targets = (
				D80C0BFE1C73F71900B936BF /* Redwoods */,
				D80C0C121C73F71900B936BF /* RedwoodsTests */,
				D80C0C1D1C73F71900B936BF /* RedwoodsUITests */,
			);
		};
/* End PBXProject section */

/* Begin PBXResourcesBuildPhase section */
		D80C0BFD1C73F71900B936BF /* Resources */ = {
			isa = PBXResourcesBuildPhase;
			buildActionMask = 2147483647;
			files = (
				D80373651C93B61F00885C4C /* LaurasHome.mp4 in Resources */,
				D80373661C93B61F00885C4C /* Berea.mp4 in Resources */,
				D80C0C0D1C73F71900B936BF /* LaunchScreen.storyboard in Resources */,
				D80C0C351C74107C00B936BF /* Images.xcassets in Resources */,
				D80C0C0A1C73F71900B936BF /* Assets.xcassets in Resources */,
				D80C0C081C73F71900B936BF /* Main.storyboard in Resources */,
			);
			runOnlyForDeploymentPostprocessing = 0;
		};
		D80C0C111C73F71900B936BF /* Resources */ = {
			isa = PBXResourcesBuildPhase;
			buildActionMask = 2147483647;
			files = (
			);
			runOnlyForDeploymentPostprocessing = 0;
		};
		D80C0C1C1C73F71900B936BF /* Resources */ = {
			isa = PBXResourcesBuildPhase;
			buildActionMask = 2147483647;
			files = (
			);
			runOnlyForDeploymentPostprocessing = 0;
		};
/* End PBXResourcesBuildPhase section */

/* Begin PBXShellScriptBuildPhase section */
		4B0C60976CA9CBFF7F81CE52 /* Check Pods Manifest.lock */ = {
			isa = PBXShellScriptBuildPhase;
			buildActionMask = 2147483647;
			files = (
			);
			inputPaths = (
			);
			name = "Check Pods Manifest.lock";
			outputPaths = (
			);
			runOnlyForDeploymentPostprocessing = 0;
			shellPath = /bin/sh;
			shellScript = "diff \"${PODS_ROOT}/../Podfile.lock\" \"${PODS_ROOT}/Manifest.lock\" > /dev/null\nif [[ $? != 0 ]] ; then\n    cat << EOM\nerror: The sandbox is not in sync with the Podfile.lock. Run 'pod install' or update your CocoaPods installation.\nEOM\n    exit 1\nfi\n";
			showEnvVarsInLog = 0;
		};
		86ABBD20112A95AB817ADEA7 /* Copy Pods Resources */ = {
			isa = PBXShellScriptBuildPhase;
			buildActionMask = 2147483647;
			files = (
			);
			inputPaths = (
			);
			name = "Copy Pods Resources";
			outputPaths = (
			);
			runOnlyForDeploymentPostprocessing = 0;
			shellPath = /bin/sh;
			shellScript = "\"${SRCROOT}/Pods/Target Support Files/Pods/Pods-resources.sh\"\n";
			showEnvVarsInLog = 0;
		};
		87C5F8D31B6F70C2E84348D1 /* Embed Pods Frameworks */ = {
			isa = PBXShellScriptBuildPhase;
			buildActionMask = 2147483647;
			files = (
			);
			inputPaths = (
			);
			name = "Embed Pods Frameworks";
			outputPaths = (
			);
			runOnlyForDeploymentPostprocessing = 0;
			shellPath = /bin/sh;
			shellScript = "\"${SRCROOT}/Pods/Target Support Files/Pods/Pods-frameworks.sh\"\n";
			showEnvVarsInLog = 0;
		};
/* End PBXShellScriptBuildPhase section */

/* Begin PBXSourcesBuildPhase section */
		D80C0BFB1C73F71900B936BF /* Sources */ = {
			isa = PBXSourcesBuildPhase;
			buildActionMask = 2147483647;
			files = (
				D831E93B1CAE07AA00669CC5 /* PortfolioTableViewCell.swift in Sources */,
				D8CD8FDF1CA6441A00D10F14 /* CharitySearchTableViewCell.swift in Sources */,
				D80C0C371C74278A00B936BF /* ActivityTableViewController.swift in Sources */,
				D89360541CA9BDA00014AC91 /* SwiftKeyChainWrapper.swift in Sources */,
				D8686C861CA369F600216488 /* RegisterViewController.swift in Sources */,
				D8CD8FE31CA6E48400D10F14 /* DonationViewController.swift in Sources */,
				D80C0C3B1C742EA000B936BF /* TransactionViewController.swift in Sources */,
				D8CD8FDD1CA642C200D10F14 /* CharitySearchTableViewController.swift in Sources */,
				D80C0C331C74002800B936BF /* TableViewCell.swift in Sources */,
				D80C0C391C7427A000B936BF /* ActivityTableViewCell.swift in Sources */,
				D8546D201C7FE802001F82E7 /* LoginViewController.swift in Sources */,
				D87D4DAD1CA41AD900B08AF9 /* ProfileViewController.swift in Sources */,
				D87B6C221CAB5D6C00CB2A3C /* TestTableViewCell.swift in Sources */,
				D831E9391CAE076C00669CC5 /* PortfolioTableViewController.swift in Sources */,
				D87B6C1E1CAB41DC00CB2A3C /* Test2.swift in Sources */,
				D87B6C201CAB5D5700CB2A3C /* TestTableView.swift in Sources */,
				D8CD8FDB1CA63CCF00D10F14 /* Register3ViewController.swift in Sources */,
				D80C0C311C73FF9100B936BF /* TableViewController.swift in Sources */,
				D8186B8E1C7696E300D1F7BF /* LaunchViewController.swift in Sources */,
				D80C0C031C73F71900B936BF /* AppDelegate.swift in Sources */,
			);
			runOnlyForDeploymentPostprocessing = 0;
		};
		D80C0C0F1C73F71900B936BF /* Sources */ = {
			isa = PBXSourcesBuildPhase;
			buildActionMask = 2147483647;
			files = (
				D80C0C181C73F71900B936BF /* RedwoodsTests.swift in Sources */,
			);
			runOnlyForDeploymentPostprocessing = 0;
		};
		D80C0C1A1C73F71900B936BF /* Sources */ = {
			isa = PBXSourcesBuildPhase;
			buildActionMask = 2147483647;
			files = (
				D80C0C231C73F71900B936BF /* RedwoodsUITests.swift in Sources */,
			);
			runOnlyForDeploymentPostprocessing = 0;
		};
/* End PBXSourcesBuildPhase section */

/* Begin PBXTargetDependency section */
		D80C0C151C73F71900B936BF /* PBXTargetDependency */ = {
			isa = PBXTargetDependency;
			target = D80C0BFE1C73F71900B936BF /* Redwoods */;
			targetProxy = D80C0C141C73F71900B936BF /* PBXContainerItemProxy */;
		};
		D80C0C201C73F71900B936BF /* PBXTargetDependency */ = {
			isa = PBXTargetDependency;
			target = D80C0BFE1C73F71900B936BF /* Redwoods */;
			targetProxy = D80C0C1F1C73F71900B936BF /* PBXContainerItemProxy */;
		};
/* End PBXTargetDependency section */

/* Begin PBXVariantGroup section */
		D80C0C061C73F71900B936BF /* Main.storyboard */ = {
			isa = PBXVariantGroup;
			children = (
				D80C0C071C73F71900B936BF /* Base */,
			);
			name = Main.storyboard;
			sourceTree = "<group>";
		};
		D80C0C0B1C73F71900B936BF /* LaunchScreen.storyboard */ = {
			isa = PBXVariantGroup;
			children = (
				D80C0C0C1C73F71900B936BF /* Base */,
			);
			name = LaunchScreen.storyboard;
			sourceTree = "<group>";
		};
/* End PBXVariantGroup section */

/* Begin XCBuildConfiguration section */
		D80C0C251C73F71900B936BF /* Debug */ = {
			isa = XCBuildConfiguration;
			buildSettings = {
				ALWAYS_SEARCH_USER_PATHS = NO;
				CLANG_CXX_LANGUAGE_STANDARD = "gnu++0x";
				CLANG_CXX_LIBRARY = "libc++";
				CLANG_ENABLE_MODULES = YES;
				CLANG_ENABLE_OBJC_ARC = YES;
				CLANG_WARN_BOOL_CONVERSION = YES;
				CLANG_WARN_CONSTANT_CONVERSION = YES;
				CLANG_WARN_DIRECT_OBJC_ISA_USAGE = YES_ERROR;
				CLANG_WARN_EMPTY_BODY = YES;
				CLANG_WARN_ENUM_CONVERSION = YES;
				CLANG_WARN_INT_CONVERSION = YES;
				CLANG_WARN_OBJC_ROOT_CLASS = YES_ERROR;
				CLANG_WARN_UNREACHABLE_CODE = YES;
				CLANG_WARN__DUPLICATE_METHOD_MATCH = YES;
				"CODE_SIGN_IDENTITY[sdk=iphoneos*]" = "iPhone Developer";
				COPY_PHASE_STRIP = NO;
				DEBUG_INFORMATION_FORMAT = dwarf;
				ENABLE_STRICT_OBJC_MSGSEND = YES;
				ENABLE_TESTABILITY = YES;
				GCC_C_LANGUAGE_STANDARD = gnu99;
				GCC_DYNAMIC_NO_PIC = NO;
				GCC_NO_COMMON_BLOCKS = YES;
				GCC_OPTIMIZATION_LEVEL = 0;
				GCC_PREPROCESSOR_DEFINITIONS = (
					"DEBUG=1",
					"$(inherited)",
				);
				GCC_WARN_64_TO_32_BIT_CONVERSION = YES;
				GCC_WARN_ABOUT_RETURN_TYPE = YES_ERROR;
				GCC_WARN_UNDECLARED_SELECTOR = YES;
				GCC_WARN_UNINITIALIZED_AUTOS = YES_AGGRESSIVE;
				GCC_WARN_UNUSED_FUNCTION = YES;
				GCC_WARN_UNUSED_VARIABLE = YES;
				IPHONEOS_DEPLOYMENT_TARGET = 9.2;
				MTL_ENABLE_DEBUG_INFO = YES;
				ONLY_ACTIVE_ARCH = YES;
				SDKROOT = iphoneos;
				SWIFT_OPTIMIZATION_LEVEL = "-Onone";
			};
			name = Debug;
		};
		D80C0C261C73F71900B936BF /* Release */ = {
			isa = XCBuildConfiguration;
			buildSettings = {
				ALWAYS_SEARCH_USER_PATHS = NO;
				CLANG_CXX_LANGUAGE_STANDARD = "gnu++0x";
				CLANG_CXX_LIBRARY = "libc++";
				CLANG_ENABLE_MODULES = YES;
				CLANG_ENABLE_OBJC_ARC = YES;
				CLANG_WARN_BOOL_CONVERSION = YES;
				CLANG_WARN_CONSTANT_CONVERSION = YES;
				CLANG_WARN_DIRECT_OBJC_ISA_USAGE = YES_ERROR;
				CLANG_WARN_EMPTY_BODY = YES;
				CLANG_WARN_ENUM_CONVERSION = YES;
				CLANG_WARN_INT_CONVERSION = YES;
				CLANG_WARN_OBJC_ROOT_CLASS = YES_ERROR;
				CLANG_WARN_UNREACHABLE_CODE = YES;
				CLANG_WARN__DUPLICATE_METHOD_MATCH = YES;
				"CODE_SIGN_IDENTITY[sdk=iphoneos*]" = "iPhone Developer";
				COPY_PHASE_STRIP = NO;
				DEBUG_INFORMATION_FORMAT = "dwarf-with-dsym";
				ENABLE_NS_ASSERTIONS = NO;
				ENABLE_STRICT_OBJC_MSGSEND = YES;
				GCC_C_LANGUAGE_STANDARD = gnu99;
				GCC_NO_COMMON_BLOCKS = YES;
				GCC_WARN_64_TO_32_BIT_CONVERSION = YES;
				GCC_WARN_ABOUT_RETURN_TYPE = YES_ERROR;
				GCC_WARN_UNDECLARED_SELECTOR = YES;
				GCC_WARN_UNINITIALIZED_AUTOS = YES_AGGRESSIVE;
				GCC_WARN_UNUSED_FUNCTION = YES;
				GCC_WARN_UNUSED_VARIABLE = YES;
				IPHONEOS_DEPLOYMENT_TARGET = 9.2;
				MTL_ENABLE_DEBUG_INFO = NO;
				SDKROOT = iphoneos;
				VALIDATE_PRODUCT = YES;
			};
			name = Release;
		};
		D80C0C281C73F71900B936BF /* Debug */ = {
			isa = XCBuildConfiguration;
			baseConfigurationReference = 2B4B98ECF29F27E61446CA3C /* Pods.debug.xcconfig */;
			buildSettings = {
				ASSETCATALOG_COMPILER_APPICON_NAME = AppIcon;
				CODE_SIGN_IDENTITY = "iPhone Developer";
				"CODE_SIGN_IDENTITY[sdk=iphoneos*]" = "iPhone Developer";
				INFOPLIST_FILE = Redwoods/Info.plist;
				LD_RUNPATH_SEARCH_PATHS = "$(inherited) @executable_path/Frameworks";
				PRODUCT_BUNDLE_IDENTIFIER = s.Redwoods;
				PRODUCT_NAME = "$(TARGET_NAME)";
				PROVISIONING_PROFILE = "";
			};
			name = Debug;
		};
		D80C0C291C73F71900B936BF /* Release */ = {
			isa = XCBuildConfiguration;
			baseConfigurationReference = B05EBDC135DBB4076D4780C0 /* Pods.release.xcconfig */;
			buildSettings = {
				ASSETCATALOG_COMPILER_APPICON_NAME = AppIcon;
				CODE_SIGN_IDENTITY = "iPhone Developer";
				"CODE_SIGN_IDENTITY[sdk=iphoneos*]" = "iPhone Developer";
				INFOPLIST_FILE = Redwoods/Info.plist;
				LD_RUNPATH_SEARCH_PATHS = "$(inherited) @executable_path/Frameworks";
				PRODUCT_BUNDLE_IDENTIFIER = s.Redwoods;
				PRODUCT_NAME = "$(TARGET_NAME)";
				PROVISIONING_PROFILE = "";
			};
			name = Release;
		};
		D80C0C2B1C73F71900B936BF /* Debug */ = {
			isa = XCBuildConfiguration;
			buildSettings = {
				BUNDLE_LOADER = "$(TEST_HOST)";
				INFOPLIST_FILE = RedwoodsTests/Info.plist;
				LD_RUNPATH_SEARCH_PATHS = "$(inherited) @executable_path/Frameworks @loader_path/Frameworks";
				PRODUCT_BUNDLE_IDENTIFIER = s.RedwoodsTests;
				PRODUCT_NAME = "$(TARGET_NAME)";
				TEST_HOST = "$(BUILT_PRODUCTS_DIR)/Redwoods.app/Redwoods";
			};
			name = Debug;
		};
		D80C0C2C1C73F71900B936BF /* Release */ = {
			isa = XCBuildConfiguration;
			buildSettings = {
				BUNDLE_LOADER = "$(TEST_HOST)";
				INFOPLIST_FILE = RedwoodsTests/Info.plist;
				LD_RUNPATH_SEARCH_PATHS = "$(inherited) @executable_path/Frameworks @loader_path/Frameworks";
				PRODUCT_BUNDLE_IDENTIFIER = s.RedwoodsTests;
				PRODUCT_NAME = "$(TARGET_NAME)";
				TEST_HOST = "$(BUILT_PRODUCTS_DIR)/Redwoods.app/Redwoods";
			};
			name = Release;
		};
		D80C0C2E1C73F71900B936BF /* Debug */ = {
			isa = XCBuildConfiguration;
			buildSettings = {
				INFOPLIST_FILE = RedwoodsUITests/Info.plist;
				LD_RUNPATH_SEARCH_PATHS = "$(inherited) @executable_path/Frameworks @loader_path/Frameworks";
				PRODUCT_BUNDLE_IDENTIFIER = s.RedwoodsUITests;
				PRODUCT_NAME = "$(TARGET_NAME)";
				TEST_TARGET_NAME = Redwoods;
				USES_XCTRUNNER = YES;
			};
			name = Debug;
		};
		D80C0C2F1C73F71900B936BF /* Release */ = {
			isa = XCBuildConfiguration;
			buildSettings = {
				INFOPLIST_FILE = RedwoodsUITests/Info.plist;
				LD_RUNPATH_SEARCH_PATHS = "$(inherited) @executable_path/Frameworks @loader_path/Frameworks";
				PRODUCT_BUNDLE_IDENTIFIER = s.RedwoodsUITests;
				PRODUCT_NAME = "$(TARGET_NAME)";
				TEST_TARGET_NAME = Redwoods;
				USES_XCTRUNNER = YES;
			};
			name = Release;
		};
/* End XCBuildConfiguration section */

/* Begin XCConfigurationList section */
		D80C0BFA1C73F71900B936BF /* Build configuration list for PBXProject "Redwoods" */ = {
			isa = XCConfigurationList;
			buildConfigurations = (
				D80C0C251C73F71900B936BF /* Debug */,
				D80C0C261C73F71900B936BF /* Release */,
			);
			defaultConfigurationIsVisible = 0;
			defaultConfigurationName = Release;
		};
		D80C0C271C73F71900B936BF /* Build configuration list for PBXNativeTarget "Redwoods" */ = {
			isa = XCConfigurationList;
			buildConfigurations = (
				D80C0C281C73F71900B936BF /* Debug */,
				D80C0C291C73F71900B936BF /* Release */,
			);
			defaultConfigurationIsVisible = 0;
			defaultConfigurationName = Release;
		};
		D80C0C2A1C73F71900B936BF /* Build configuration list for PBXNativeTarget "RedwoodsTests" */ = {
			isa = XCConfigurationList;
			buildConfigurations = (
				D80C0C2B1C73F71900B936BF /* Debug */,
				D80C0C2C1C73F71900B936BF /* Release */,
			);
			defaultConfigurationIsVisible = 0;
			defaultConfigurationName = Release;
		};
		D80C0C2D1C73F71900B936BF /* Build configuration list for PBXNativeTarget "RedwoodsUITests" */ = {
			isa = XCConfigurationList;
			buildConfigurations = (
				D80C0C2E1C73F71900B936BF /* Debug */,
				D80C0C2F1C73F71900B936BF /* Release */,
			);
			defaultConfigurationIsVisible = 0;
			defaultConfigurationName = Release;
		};
/* End XCConfigurationList section */
	};
	rootObject = D80C0BF71C73F71900B936BF /* Project object */;
}
